
Microsoft Visual Studio Solution File, Format Version 12.00
# Visual Studio Version 16
VisualStudioVersion = 16.0.29418.71
MinimumVisualStudioVersion = 10.0.40219.1
Project("{FAE04EC0-301F-11D3-BF4B-00C04F79EFBC}") = "wpf-tutorial", "wpf-tutorial\wpf-tutorial.csproj", "{723B7AAE-DE9C-45FA-BE88-BC1022FD7203}"
EndProject
Project("{FAE04EC0-301F-11D3-BF4B-00C04F79EFBC}") = "wpf-challenge-containers", "..\wpf-challenge-containers\wpf-challenge-containers.csproj", "{E363ED17-F6A1-4574-9B4A-41D72BFF1A5E}"
EndProject
Global
	GlobalSection(SolutionConfigurationPlatforms) = preSolution
		Debug|Any CPU = Debug|Any CPU
		Release|Any CPU = Release|Any CPU
	EndGlobalSection
	GlobalSection(ProjectConfigurationPlatforms) = postSolution
		{723B7AAE-DE9C-45FA-BE88-BC1022FD7203}.Debug|Any CPU.ActiveCfg = Debug|Any CPU
		{723B7AAE-DE9C-45FA-BE88-BC1022FD7203}.Debug|Any CPU.Build.0 = Debug|Any CPU
		{723B7AAE-DE9C-45FA-BE88-BC1022FD7203}.Release|Any CPU.ActiveCfg = Release|Any CPU
		{723B7AAE-DE9C-45FA-BE88-BC1022FD7203}.Release|Any CPU.Build.0 = Release|Any CPU
		{E363ED17-F6A1-4574-9B4A-41D72BFF1A5E}.Debug|Any CPU.ActiveCfg = Debug|Any CPU
		{E363ED17-F6A1-4574-9B4A-41D72BFF1A5E}.Debug|Any CPU.Build.0 = Debug|Any CPU
		{E363ED17-F6A1-4574-9B4A-41D72BFF1A5E}.Release|Any CPU.ActiveCfg = Release|Any CPU
		{E363ED17-F6A1-4574-9B4A-41D72BFF1A5E}.Release|Any CPU.Build.0 = Release|Any CPU
	EndGlobalSection
	GlobalSection(SolutionProperties) = preSolution
		HideSolutionNode = FALSE
	EndGlobalSection
	GlobalSection(ExtensibilityGlobals) = postSolution
		SolutionGuid = {D1A1988A-22F7-407E-8115-30AD15012F20}
	EndGlobalSection
EndGlobal
